
Microsoft Visual Studio Solution File, Format Version 12.00
# Visual Studio Version 16
VisualStudioVersion = 16.0.31129.286
MinimumVisualStudioVersion = 10.0.40219.1
Project("{FAE04EC0-301F-11D3-BF4B-00C04F79EFBC}") = "ChessGUI", "ChessTutorialGUI\ChessGUI.csproj", "{4BBEBA89-AC18-42E7-85D1-3448FFC4C4A5}"
EndProject
Project("{FAE04EC0-301F-11D3-BF4B-00C04F79EFBC}") = "ChessBoardModeling", "ChessBoardModeling\ChessBoardModeling.csproj", "{6E773F32-9452-4062-BCC7-4DBD363204BF}"
EndProject
Global
	GlobalSection(SolutionConfigurationPlatforms) = preSolution
		Debug|Any CPU = Debug|Any CPU
		Release|Any CPU = Release|Any CPU
	EndGlobalSection
	GlobalSection(ProjectConfigurationPlatforms) = postSolution
		{4BBEBA89-AC18-42E7-85D1-3448FFC4C4A5}.Debug|Any CPU.ActiveCfg = Debug|Any CPU
		{4BBEBA89-AC18-42E7-85D1-3448FFC4C4A5}.Debug|Any CPU.Build.0 = Debug|Any CPU
		{4BBEBA89-AC18-42E7-85D1-3448FFC4C4A5}.Release|Any CPU.ActiveCfg = Release|Any CPU
		{4BBEBA89-AC18-42E7-85D1-3448FFC4C4A5}.Release|Any CPU.Build.0 = Release|Any CPU
		{6E773F32-9452-4062-BCC7-4DBD363204BF}.Debug|Any CPU.ActiveCfg = Debug|Any CPU
		{6E773F32-9452-4062-BCC7-4DBD363204BF}.Debug|Any CPU.Build.0 = Debug|Any CPU
		{6E773F32-9452-4062-BCC7-4DBD363204BF}.Release|Any CPU.ActiveCfg = Release|Any CPU
		{6E773F32-9452-4062-BCC7-4DBD363204BF}.Release|Any CPU.Build.0 = Release|Any CPU
	EndGlobalSection
	GlobalSection(SolutionProperties) = preSolution
		HideSolutionNode = FALSE
	EndGlobalSection
	GlobalSection(ExtensibilityGlobals) = postSolution
		SolutionGuid = {4973C50A-8BF5-4E20-8992-93FC8BE8F971}
	EndGlobalSection
EndGlobal
